// !$*UTF8*$!
{
	archiveVersion = 1;
	classes = {
	};
	objectVersion = 56;
	objects = {

/* Begin PBXBuildFile section */
		3EBDE8772A95E75B004C8915 /* AppDelegate.swift in Sources */ = {isa = PBXBuildFile; fileRef = 3EBDE8762A95E75B004C8915 /* AppDelegate.swift */; };
		3EBDE8792A95E75B004C8915 /* SceneDelegate.swift in Sources */ = {isa = PBXBuildFile; fileRef = 3EBDE8782A95E75B004C8915 /* SceneDelegate.swift */; };
		3EBDE87B2A95E75B004C8915 /* ViewController.swift in Sources */ = {isa = PBXBuildFile; fileRef = 3EBDE87A2A95E75B004C8915 /* ViewController.swift */; };
		3EBDE87E2A95E75C004C8915 /* Main.storyboard in Resources */ = {isa = PBXBuildFile; fileRef = 3EBDE87C2A95E75C004C8915 /* Main.storyboard */; };
		3EBDE8802A95E75D004C8915 /* Assets.xcassets in Resources */ = {isa = PBXBuildFile; fileRef = 3EBDE87F2A95E75D004C8915 /* Assets.xcassets */; };
		3EBDE8832A95E75D004C8915 /* LaunchScreen.storyboard in Resources */ = {isa = PBXBuildFile; fileRef = 3EBDE8812A95E75D004C8915 /* LaunchScreen.storyboard */; };
		3EBDE8932A973B4B004C8915 /* RepositoryCell.swift in Sources */ = {isa = PBXBuildFile; fileRef = 3EBDE8922A973B4B004C8915 /* RepositoryCell.swift */; };
		3EBDE8962A978DC0004C8915 /* Repository.swift in Sources */ = {isa = PBXBuildFile; fileRef = 3EBDE8952A978DC0004C8915 /* Repository.swift */; };
		3EBDE8982A979808004C8915 /* Repositories.swift in Sources */ = {isa = PBXBuildFile; fileRef = 3EBDE8972A979808004C8915 /* Repositories.swift */; };
		3EBDE89C2A9CF150004C8915 /* Kingfisher.framework in Frameworks */ = {isa = PBXBuildFile; fileRef = 3EBDE89B2A9CF150004C8915 /* Kingfisher.framework */; };
		D6B4D87F8D5712DFB890FA3C /* Pods_Assignment1.framework in Frameworks */ = {isa = PBXBuildFile; fileRef = BB80B598751B406492DD7D6C /* Pods_Assignment1.framework */; };
/* End PBXBuildFile section */

/* Begin PBXFileReference section */
		3EBDE8732A95E75B004C8915 /* Assignment1.app */ = {isa = PBXFileReference; explicitFileType = wrapper.application; includeInIndex = 0; path = Assignment1.app; sourceTree = BUILT_PRODUCTS_DIR; };
		3EBDE8762A95E75B004C8915 /* AppDelegate.swift */ = {isa = PBXFileReference; lastKnownFileType = sourcecode.swift; path = AppDelegate.swift; sourceTree = "<group>"; };
		3EBDE8782A95E75B004C8915 /* SceneDelegate.swift */ = {isa = PBXFileReference; lastKnownFileType = sourcecode.swift; path = SceneDelegate.swift; sourceTree = "<group>"; };
		3EBDE87A2A95E75B004C8915 /* ViewController.swift */ = {isa = PBXFileReference; lastKnownFileType = sourcecode.swift; path = ViewController.swift; sourceTree = "<group>"; };
		3EBDE87D2A95E75C004C8915 /* Base */ = {isa = PBXFileReference; lastKnownFileType = file.storyboard; name = Base; path = Base.lproj/Main.storyboard; sourceTree = "<group>"; };
		3EBDE87F2A95E75D004C8915 /* Assets.xcassets */ = {isa = PBXFileReference; lastKnownFileType = folder.assetcatalog; path = Assets.xcassets; sourceTree = "<group>"; };
		3EBDE8822A95E75D004C8915 /* Base */ = {isa = PBXFileReference; lastKnownFileType = file.storyboard; name = Base; path = Base.lproj/LaunchScreen.storyboard; sourceTree = "<group>"; };
		3EBDE8842A95E75D004C8915 /* Info.plist */ = {isa = PBXFileReference; lastKnownFileType = text.plist.xml; path = Info.plist; sourceTree = "<group>"; };
		3EBDE8922A973B4B004C8915 /* RepositoryCell.swift */ = {isa = PBXFileReference; lastKnownFileType = sourcecode.swift; path = RepositoryCell.swift; sourceTree = "<group>"; };
		3EBDE8952A978DC0004C8915 /* Repository.swift */ = {isa = PBXFileReference; lastKnownFileType = sourcecode.swift; path = Repository.swift; sourceTree = "<group>"; };
		3EBDE8972A979808004C8915 /* Repositories.swift */ = {isa = PBXFileReference; lastKnownFileType = sourcecode.swift; path = Repositories.swift; sourceTree = "<group>"; };
		3EBDE89B2A9CF150004C8915 /* Kingfisher.framework */ = {isa = PBXFileReference; explicitFileType = wrapper.framework; path = Kingfisher.framework; sourceTree = BUILT_PRODUCTS_DIR; };
		ABB669EEB929B9463293660B /* Pods-Assignment1.debug.xcconfig */ = {isa = PBXFileReference; includeInIndex = 1; lastKnownFileType = text.xcconfig; name = "Pods-Assignment1.debug.xcconfig"; path = "Target Support Files/Pods-Assignment1/Pods-Assignment1.debug.xcconfig"; sourceTree = "<group>"; };
		BB80B598751B406492DD7D6C /* Pods_Assignment1.framework */ = {isa = PBXFileReference; explicitFileType = wrapper.framework; includeInIndex = 0; path = Pods_Assignment1.framework; sourceTree = BUILT_PRODUCTS_DIR; };
		D34E75132C5494F58A041650 /* Pods-Assignment1.release.xcconfig */ = {isa = PBXFileReference; includeInIndex = 1; lastKnownFileType = text.xcconfig; name = "Pods-Assignment1.release.xcconfig"; path = "Target Support Files/Pods-Assignment1/Pods-Assignment1.release.xcconfig"; sourceTree = "<group>"; };
/* End PBXFileReference section */

/* Begin PBXFrameworksBuildPhase section */
		3EBDE8702A95E75B004C8915 /* Frameworks */ = {
			isa = PBXFrameworksBuildPhase;
			buildActionMask = 2147483647;
			files = (
				3EBDE89C2A9CF150004C8915 /* Kingfisher.framework in Frameworks */,
				D6B4D87F8D5712DFB890FA3C /* Pods_Assignment1.framework in Frameworks */,
			);
			runOnlyForDeploymentPostprocessing = 0;
		};
/* End PBXFrameworksBuildPhase section */

/* Begin PBXGroup section */
		3EBDE86A2A95E75B004C8915 = {
			isa = PBXGroup;
			children = (
				3EBDE8752A95E75B004C8915 /* Assignment1 */,
				3EBDE8742A95E75B004C8915 /* Products */,
				C295DF4B693A09E1D5096AB1 /* Pods */,
				80DF1E5DE89A60716D55877C /* Frameworks */,
			);
			sourceTree = "<group>";
		};
		3EBDE8742A95E75B004C8915 /* Products */ = {
			isa = PBXGroup;
			children = (
				3EBDE8732A95E75B004C8915 /* Assignment1.app */,
			);
			name = Products;
			sourceTree = "<group>";
		};
		3EBDE8752A95E75B004C8915 /* Assignment1 */ = {
			isa = PBXGroup;
			children = (
				3EBDE8762A95E75B004C8915 /* AppDelegate.swift */,
				3EBDE8942A978CF6004C8915 /* Networking */,
				3EBDE8782A95E75B004C8915 /* SceneDelegate.swift */,
				3EBDE87A2A95E75B004C8915 /* ViewController.swift */,
				3EBDE8922A973B4B004C8915 /* RepositoryCell.swift */,
				3EBDE87C2A95E75C004C8915 /* Main.storyboard */,
				3EBDE87F2A95E75D004C8915 /* Assets.xcassets */,
				3EBDE8812A95E75D004C8915 /* LaunchScreen.storyboard */,
				3EBDE8842A95E75D004C8915 /* Info.plist */,
			);
			path = Assignment1;
			sourceTree = "<group>";
		};
		3EBDE8942A978CF6004C8915 /* Networking */ = {
			isa = PBXGroup;
			children = (
				3EBDE8952A978DC0004C8915 /* Repository.swift */,
				3EBDE8972A979808004C8915 /* Repositories.swift */,
			);
			path = Networking;
			sourceTree = "<group>";
		};
		80DF1E5DE89A60716D55877C /* Frameworks */ = {
			isa = PBXGroup;
			children = (
				3EBDE89B2A9CF150004C8915 /* Kingfisher.framework */,
				BB80B598751B406492DD7D6C /* Pods_Assignment1.framework */,
			);
			name = Frameworks;
			sourceTree = "<group>";
		};
		C295DF4B693A09E1D5096AB1 /* Pods */ = {
			isa = PBXGroup;
			children = (
				ABB669EEB929B9463293660B /* Pods-Assignment1.debug.xcconfig */,
				D34E75132C5494F58A041650 /* Pods-Assignment1.release.xcconfig */,
			);
			path = Pods;
			sourceTree = "<group>";
		};
/* End PBXGroup section */

/* Begin PBXNativeTarget section */
		3EBDE8722A95E75B004C8915 /* Assignment1 */ = {
			isa = PBXNativeTarget;
			buildConfigurationList = 3EBDE8872A95E75D004C8915 /* Build configuration list for PBXNativeTarget "Assignment1" */;
			buildPhases = (
				14C4D6768C75A5165B33DF37 /* [CP] Check Pods Manifest.lock */,
				3EBDE86F2A95E75B004C8915 /* Sources */,
				3EBDE8702A95E75B004C8915 /* Frameworks */,
				3EBDE8712A95E75B004C8915 /* Resources */,
				B3A7ACF9D0C0F73304ACBC15 /* [CP] Embed Pods Frameworks */,
			);
			buildRules = (
			);
			dependencies = (
			);
			name = Assignment1;
			productName = Assignment1;
			productReference = 3EBDE8732A95E75B004C8915 /* Assignment1.app */;
			productType = "com.apple.product-type.application";
		};
/* End PBXNativeTarget section */

/* Begin PBXProject section */
		3EBDE86B2A95E75B004C8915 /* Project object */ = {
			isa = PBXProject;
			attributes = {
				BuildIndependentTargetsInParallel = 1;
				LastSwiftUpdateCheck = 1430;
				LastUpgradeCheck = 1430;
				TargetAttributes = {
					3EBDE8722A95E75B004C8915 = {
						CreatedOnToolsVersion = 14.3.1;
					};
				};
			};
			buildConfigurationList = 3EBDE86E2A95E75B004C8915 /* Build configuration list for PBXProject "Assignment1" */;
			compatibilityVersion = "Xcode 14.0";
			developmentRegion = en;
			hasScannedForEncodings = 0;
			knownRegions = (
				en,
				Base,
			);
			mainGroup = 3EBDE86A2A95E75B004C8915;
			productRefGroup = 3EBDE8742A95E75B004C8915 /* Products */;
			projectDirPath = "";
			projectRoot = "";
			targets = (
				3EBDE8722A95E75B004C8915 /* Assignment1 */,
			);
		};
/* End PBXProject section */

/* Begin PBXResourcesBuildPhase section */
		3EBDE8712A95E75B004C8915 /* Resources */ = {
			isa = PBXResourcesBuildPhase;
			buildActionMask = 2147483647;
			files = (
				3EBDE8832A95E75D004C8915 /* LaunchScreen.storyboard in Resources */,
				3EBDE8802A95E75D004C8915 /* Assets.xcassets in Resources */,
				3EBDE87E2A95E75C004C8915 /* Main.storyboard in Resources */,
			);
			runOnlyForDeploymentPostprocessing = 0;
		};
/* End PBXResourcesBuildPhase section */

/* Begin PBXShellScriptBuildPhase section */
		14C4D6768C75A5165B33DF37 /* [CP] Check Pods Manifest.lock */ = {
			isa = PBXShellScriptBuildPhase;
			buildActionMask = 2147483647;
			files = (
			);
			inputFileListPaths = (
			);
			inputPaths = (
				"${PODS_PODFILE_DIR_PATH}/Podfile.lock",
				"${PODS_ROOT}/Manifest.lock",
			);
			name = "[CP] Check Pods Manifest.lock";
			outputFileListPaths = (
			);
			outputPaths = (
				"$(DERIVED_FILE_DIR)/Pods-Assignment1-checkManifestLockResult.txt",
			);
			runOnlyForDeploymentPostprocessing = 0;
			shellPath = /bin/sh;
			shellScript = "diff \"${PODS_PODFILE_DIR_PATH}/Podfile.lock\" \"${PODS_ROOT}/Manifest.lock\" > /dev/null\nif [ $? != 0 ] ; then\n    # print error to STDERR\n    echo \"error: The sandbox is not in sync with the Podfile.lock. Run 'pod install' or update your CocoaPods installation.\" >&2\n    exit 1\nfi\n# This output is used by Xcode 'outputs' to avoid re-running this script phase.\necho \"SUCCESS\" > \"${SCRIPT_OUTPUT_FILE_0}\"\n";
			showEnvVarsInLog = 0;
		};
		B3A7ACF9D0C0F73304ACBC15 /* [CP] Embed Pods Frameworks */ = {
			isa = PBXShellScriptBuildPhase;
			buildActionMask = 2147483647;
			files = (
			);
			inputFileListPaths = (
				"${PODS_ROOT}/Target Support Files/Pods-Assignment1/Pods-Assignment1-frameworks-${CONFIGURATION}-input-files.xcfilelist",
			);
			name = "[CP] Embed Pods Frameworks";
			outputFileListPaths = (
				"${PODS_ROOT}/Target Support Files/Pods-Assignment1/Pods-Assignment1-frameworks-${CONFIGURATION}-output-files.xcfilelist",
			);
			runOnlyForDeploymentPostprocessing = 0;
			shellPath = /bin/sh;
			shellScript = "\"${PODS_ROOT}/Target Support Files/Pods-Assignment1/Pods-Assignment1-frameworks.sh\"\n";
			showEnvVarsInLog = 0;
		};
/* End PBXShellScriptBuildPhase section */

/* Begin PBXSourcesBuildPhase section */
		3EBDE86F2A95E75B004C8915 /* Sources */ = {
			isa = PBXSourcesBuildPhase;
			buildActionMask = 2147483647;
			files = (
				3EBDE87B2A95E75B004C8915 /* ViewController.swift in Sources */,
				3EBDE8772A95E75B004C8915 /* AppDelegate.swift in Sources */,
				3EBDE8962A978DC0004C8915 /* Repository.swift in Sources */,
				3EBDE8932A973B4B004C8915 /* RepositoryCell.swift in Sources */,
				3EBDE8982A979808004C8915 /* Repositories.swift in Sources */,
				3EBDE8792A95E75B004C8915 /* SceneDelegate.swift in Sources */,
			);
			runOnlyForDeploymentPostprocessing = 0;
		};
/* End PBXSourcesBuildPhase section */

/* Begin PBXVariantGroup section */
		3EBDE87C2A95E75C004C8915 /* Main.storyboard */ = {
			isa = PBXVariantGroup;
			children = (
				3EBDE87D2A95E75C004C8915 /* Base */,
			);
			name = Main.storyboard;
			sourceTree = "<group>";
		};
		3EBDE8812A95E75D004C8915 /* LaunchScreen.storyboard */ = {
			isa = PBXVariantGroup;
			children = (
				3EBDE8822A95E75D004C8915 /* Base */,
			);
			name = LaunchScreen.storyboard;
			sourceTree = "<group>";
		};
/* End PBXVariantGroup section */

/* Begin XCBuildConfiguration section */
		3EBDE8852A95E75D004C8915 /* Debug */ = {
			isa = XCBuildConfiguration;
			buildSettings = {
				ALWAYS_SEARCH_USER_PATHS = NO;
				CLANG_ANALYZER_NONNULL = YES;
				CLANG_ANALYZER_NUMBER_OBJECT_CONVERSION = YES_AGGRESSIVE;
				CLANG_CXX_LANGUAGE_STANDARD = "gnu++20";
				CLANG_ENABLE_MODULES = YES;
				CLANG_ENABLE_OBJC_ARC = YES;
				CLANG_ENABLE_OBJC_WEAK = YES;
				CLANG_WARN_BLOCK_CAPTURE_AUTORELEASING = YES;
				CLANG_WARN_BOOL_CONVERSION = YES;
				CLANG_WARN_COMMA = YES;
				CLANG_WARN_CONSTANT_CONVERSION = YES;
				CLANG_WARN_DEPRECATED_OBJC_IMPLEMENTATIONS = YES;
				CLANG_WARN_DIRECT_OBJC_ISA_USAGE = YES_ERROR;
				CLANG_WARN_DOCUMENTATION_COMMENTS = YES;
				CLANG_WARN_EMPTY_BODY = YES;
				CLANG_WARN_ENUM_CONVERSION = YES;
				CLANG_WARN_INFINITE_RECURSION = YES;
				CLANG_WARN_INT_CONVERSION = YES;
				CLANG_WARN_NON_LITERAL_NULL_CONVERSION = YES;
				CLANG_WARN_OBJC_IMPLICIT_RETAIN_SELF = YES;
				CLANG_WARN_OBJC_LITERAL_CONVERSION = YES;
				CLANG_WARN_OBJC_ROOT_CLASS = YES_ERROR;
				CLANG_WARN_QUOTED_INCLUDE_IN_FRAMEWORK_HEADER = YES;
				CLANG_WARN_RANGE_LOOP_ANALYSIS = YES;
				CLANG_WARN_STRICT_PROTOTYPES = YES;
				CLANG_WARN_SUSPICIOUS_MOVE = YES;
				CLANG_WARN_UNGUARDED_AVAILABILITY = YES_AGGRESSIVE;
				CLANG_WARN_UNREACHABLE_CODE = YES;
				CLANG_WARN__DUPLICATE_METHOD_MATCH = YES;
				COPY_PHASE_STRIP = NO;
				DEBUG_INFORMATION_FORMAT = dwarf;
				ENABLE_STRICT_OBJC_MSGSEND = YES;
				ENABLE_TESTABILITY = YES;
				GCC_C_LANGUAGE_STANDARD = gnu11;
				GCC_DYNAMIC_NO_PIC = NO;
				GCC_NO_COMMON_BLOCKS = YES;
				GCC_OPTIMIZATION_LEVEL = 0;
				GCC_PREPROCESSOR_DEFINITIONS = (
					"DEBUG=1",
					"$(inherited)",
				);
				GCC_WARN_64_TO_32_BIT_CONVERSION = YES;
				GCC_WARN_ABOUT_RETURN_TYPE = YES_ERROR;
				GCC_WARN_UNDECLARED_SELECTOR = YES;
				GCC_WARN_UNINITIALIZED_AUTOS = YES_AGGRESSIVE;
				GCC_WARN_UNUSED_FUNCTION = YES;
				GCC_WARN_UNUSED_VARIABLE = YES;
				IPHONEOS_DEPLOYMENT_TARGET = 16.4;
				MTL_ENABLE_DEBUG_INFO = INCLUDE_SOURCE;
				MTL_FAST_MATH = YES;
				ONLY_ACTIVE_ARCH = YES;
				SDKROOT = iphoneos;
				SWIFT_ACTIVE_COMPILATION_CONDITIONS = DEBUG;
				SWIFT_OPTIMIZATION_LEVEL = "-Onone";
			};
			name = Debug;
		};
		3EBDE8862A95E75D004C8915 /* Release */ = {
			isa = XCBuildConfiguration;
			buildSettings = {
				ALWAYS_SEARCH_USER_PATHS = NO;
				CLANG_ANALYZER_NONNULL = YES;
				CLANG_ANALYZER_NUMBER_OBJECT_CONVERSION = YES_AGGRESSIVE;
				CLANG_CXX_LANGUAGE_STANDARD = "gnu++20";
				CLANG_ENABLE_MODULES = YES;
				CLANG_ENABLE_OBJC_ARC = YES;
				CLANG_ENABLE_OBJC_WEAK = YES;
				CLANG_WARN_BLOCK_CAPTURE_AUTORELEASING = YES;
				CLANG_WARN_BOOL_CONVERSION = YES;
				CLANG_WARN_COMMA = YES;
				CLANG_WARN_CONSTANT_CONVERSION = YES;
				CLANG_WARN_DEPRECATED_OBJC_IMPLEMENTATIONS = YES;
				CLANG_WARN_DIRECT_OBJC_ISA_USAGE = YES_ERROR;
				CLANG_WARN_DOCUMENTATION_COMMENTS = YES;
				CLANG_WARN_EMPTY_BODY = YES;
				CLANG_WARN_ENUM_CONVERSION = YES;
				CLANG_WARN_INFINITE_RECURSION = YES;
				CLANG_WARN_INT_CONVERSION = YES;
				CLANG_WARN_NON_LITERAL_NULL_CONVERSION = YES;
				CLANG_WARN_OBJC_IMPLICIT_RETAIN_SELF = YES;
				CLANG_WARN_OBJC_LITERAL_CONVERSION = YES;
				CLANG_WARN_OBJC_ROOT_CLASS = YES_ERROR;
				CLANG_WARN_QUOTED_INCLUDE_IN_FRAMEWORK_HEADER = YES;
				CLANG_WARN_RANGE_LOOP_ANALYSIS = YES;
				CLANG_WARN_STRICT_PROTOTYPES = YES;
				CLANG_WARN_SUSPICIOUS_MOVE = YES;
				CLANG_WARN_UNGUARDED_AVAILABILITY = YES_AGGRESSIVE;
				CLANG_WARN_UNREACHABLE_CODE = YES;
				CLANG_WARN__DUPLICATE_METHOD_MATCH = YES;
				COPY_PHASE_STRIP = NO;
				DEBUG_INFORMATION_FORMAT = "dwarf-with-dsym";
				ENABLE_NS_ASSERTIONS = NO;
				ENABLE_STRICT_OBJC_MSGSEND = YES;
				GCC_C_LANGUAGE_STANDARD = gnu11;
				GCC_NO_COMMON_BLOCKS = YES;
				GCC_WARN_64_TO_32_BIT_CONVERSION = YES;
				GCC_WARN_ABOUT_RETURN_TYPE = YES_ERROR;
				GCC_WARN_UNDECLARED_SELECTOR = YES;
				GCC_WARN_UNINITIALIZED_AUTOS = YES_AGGRESSIVE;
				GCC_WARN_UNUSED_FUNCTION = YES;
				GCC_WARN_UNUSED_VARIABLE = YES;
				IPHONEOS_DEPLOYMENT_TARGET = 16.4;
				MTL_ENABLE_DEBUG_INFO = NO;
				MTL_FAST_MATH = YES;
				SDKROOT = iphoneos;
				SWIFT_COMPILATION_MODE = wholemodule;
				SWIFT_OPTIMIZATION_LEVEL = "-O";
				VALIDATE_PRODUCT = YES;
			};
			name = Release;
		};
		3EBDE8882A95E75D004C8915 /* Debug */ = {
			isa = XCBuildConfiguration;
			baseConfigurationReference = ABB669EEB929B9463293660B /* Pods-Assignment1.debug.xcconfig */;
			buildSettings = {
				ASSETCATALOG_COMPILER_APPICON_NAME = AppIcon;
				ASSETCATALOG_COMPILER_GLOBAL_ACCENT_COLOR_NAME = AccentColor;
				CODE_SIGN_STYLE = Automatic;
				CURRENT_PROJECT_VERSION = 1;
				DEVELOPMENT_TEAM = 3VXFWYLNN5;
				GENERATE_INFOPLIST_FILE = YES;
				INFOPLIST_FILE = Assignment1/Info.plist;
				INFOPLIST_KEY_UIApplicationSupportsIndirectInputEvents = YES;
				INFOPLIST_KEY_UILaunchStoryboardName = LaunchScreen;
				INFOPLIST_KEY_UIMainStoryboardFile = Main;
				INFOPLIST_KEY_UISupportedInterfaceOrientations_iPad = "UIInterfaceOrientationPortrait UIInterfaceOrientationPortraitUpsideDown UIInterfaceOrientationLandscapeLeft UIInterfaceOrientationLandscapeRight";
				INFOPLIST_KEY_UISupportedInterfaceOrientations_iPhone = "UIInterfaceOrientationPortrait UIInterfaceOrientationLandscapeLeft UIInterfaceOrientationLandscapeRight";
				IPHONEOS_DEPLOYMENT_TARGET = 13.0;
				LD_RUNPATH_SEARCH_PATHS = (
					"$(inherited)",
					"@executable_path/Frameworks",
				);
				MARKETING_VERSION = 1.0;
				PRODUCT_BUNDLE_IDENTIFIER = com.fernvnat.Assignment1;
				PRODUCT_NAME = "$(TARGET_NAME)";
				SWIFT_EMIT_LOC_STRINGS = YES;
				SWIFT_VERSION = 5.0;
				TARGETED_DEVICE_FAMILY = "1,2";
			};
			name = Debug;
		};
		3EBDE8892A95E75D004C8915 /* Release */ = {
			isa = XCBuildConfiguration;
			baseConfigurationReference = D34E75132C5494F58A041650 /* Pods-Assignment1.release.xcconfig */;
			buildSettings = {
				ASSETCATALOG_COMPILER_APPICON_NAME = AppIcon;
				ASSETCATALOG_COMPILER_GLOBAL_ACCENT_COLOR_NAME = AccentColor;
				CODE_SIGN_STYLE = Automatic;
				CURRENT_PROJECT_VERSION = 1;
				DEVELOPMENT_TEAM = 3VXFWYLNN5;
				GENERATE_INFOPLIST_FILE = YES;
				INFOPLIST_FILE = Assignment1/Info.plist;
				INFOPLIST_KEY_UIApplicationSupportsIndirectInputEvents = YES;
				INFOPLIST_KEY_UILaunchStoryboardName = LaunchScreen;
				INFOPLIST_KEY_UIMainStoryboardFile = Main;
				INFOPLIST_KEY_UISupportedInterfaceOrientations_iPad = "UIInterfaceOrientationPortrait UIInterfaceOrientationPortraitUpsideDown UIInterfaceOrientationLandscapeLeft UIInterfaceOrientationLandscapeRight";
				INFOPLIST_KEY_UISupportedInterfaceOrientations_iPhone = "UIInterfaceOrientationPortrait UIInterfaceOrientationLandscapeLeft UIInterfaceOrientationLandscapeRight";
				IPHONEOS_DEPLOYMENT_TARGET = 13.0;
				LD_RUNPATH_SEARCH_PATHS = (
					"$(inherited)",
					"@executable_path/Frameworks",
				);
				MARKETING_VERSION = 1.0;
				PRODUCT_BUNDLE_IDENTIFIER = com.fernvnat.Assignment1;
				PRODUCT_NAME = "$(TARGET_NAME)";
				SWIFT_EMIT_LOC_STRINGS = YES;
				SWIFT_VERSION = 5.0;
				TARGETED_DEVICE_FAMILY = "1,2";
			};
			name = Release;
		};
/* End XCBuildConfiguration section */

/* Begin XCConfigurationList section */
		3EBDE86E2A95E75B004C8915 /* Build configuration list for PBXProject "Assignment1" */ = {
			isa = XCConfigurationList;
			buildConfigurations = (
				3EBDE8852A95E75D004C8915 /* Debug */,
				3EBDE8862A95E75D004C8915 /* Release */,
			);
			defaultConfigurationIsVisible = 0;
			defaultConfigurationName = Release;
		};
		3EBDE8872A95E75D004C8915 /* Build configuration list for PBXNativeTarget "Assignment1" */ = {
			isa = XCConfigurationList;
			buildConfigurations = (
				3EBDE8882A95E75D004C8915 /* Debug */,
				3EBDE8892A95E75D004C8915 /* Release */,
			);
			defaultConfigurationIsVisible = 0;
			defaultConfigurationName = Release;
		};
/* End XCConfigurationList section */
	};
	rootObject = 3EBDE86B2A95E75B004C8915 /* Project object */;
}
